
Microsoft Visual Studio Solution File, Format Version 12.00
# Visual Studio Version 16
VisualStudioVersion = 16.0.31112.23
MinimumVisualStudioVersion = 10.0.40219.1
Project("{FAE04EC0-301F-11D3-BF4B-00C04F79EFBC}") = "WebApI", "WebApI.csproj", "{5A920E05-8B0F-4B23-8432-3C338B1CB116}"
EndProject
Global
	GlobalSection(SolutionConfigurationPlatforms) = preSolution
		Debug|Any CPU = Debug|Any CPU
		Release|Any CPU = Release|Any CPU
	EndGlobalSection
	GlobalSection(ProjectConfigurationPlatforms) = postSolution
		{5A920E05-8B0F-4B23-8432-3C338B1CB116}.Debug|Any CPU.ActiveCfg = Debug|Any CPU
		{5A920E05-8B0F-4B23-8432-3C338B1CB116}.Debug|Any CPU.Build.0 = Debug|Any CPU
		{5A920E05-8B0F-4B23-8432-3C338B1CB116}.Release|Any CPU.ActiveCfg = Release|Any CPU
		{5A920E05-8B0F-4B23-8432-3C338B1CB116}.Release|Any CPU.Build.0 = Release|Any CPU
	EndGlobalSection
	GlobalSection(SolutionProperties) = preSolution
		HideSolutionNode = FALSE
	EndGlobalSection
	GlobalSection(ExtensibilityGlobals) = postSolution
		SolutionGuid = {EE0A792C-F592-41EB-9DF6-82BF075BF091}
	EndGlobalSection
EndGlobal
